
Microsoft Visual Studio Solution File, Format Version 12.00
# Visual Studio Version 17
VisualStudioVersion = 17.2.32516.85
MinimumVisualStudioVersion = 10.0.40219.1
Project("{FAE04EC0-301F-11D3-BF4B-00C04F79EFBC}") = "WpfAppTest", "WpfAppTest\WpfAppTest.csproj", "{2564F7D1-A46E-4357-B1D0-2E3D4E9A32BD}"
EndProject
Project("{FAE04EC0-301F-11D3-BF4B-00C04F79EFBC}") = "WinformAppTest", "WinformAppTest\WinformAppTest.csproj", "{7304FF6B-3509-4052-A9CF-4700F711270F}"
EndProject
Project("{FAE04EC0-301F-11D3-BF4B-00C04F79EFBC}") = "WpfMultipleCommandParameter", "WpfMultipleCommandParameter\WpfMultipleCommandParameter.csproj", "{1AED7604-8A98-4CBE-8807-DAEECF4EC22F}"
EndProject
Project("{FAE04EC0-301F-11D3-BF4B-00C04F79EFBC}") = "MemoryManageTest", "MemoryManageTest\MemoryManageTest.csproj", "{CE1EA000-AF6B-4099-A273-87A7AC1951F1}"
EndProject
Project("{9A19103F-16F7-4668-BE54-9A1E7A4F7556}") = "Sales", "Sales\Sales.csproj", "{FEB8F25E-38B7-4533-8663-9E51A2F6095C}"
EndProject
Project("{9A19103F-16F7-4668-BE54-9A1E7A4F7556}") = "EF-CodeFirst", "EF-CodeFirst\EF-CodeFirst.csproj", "{581E6096-8B3A-4CF6-BD56-6B5219E46BBC}"
EndProject
Project("{00D1A9C2-B5F0-4AF3-8072-F6C62B433612}") = "SQLDataBase", "SQLDataBase\SQLDataBase.sqlproj", "{2A0DDE60-56AC-4A18-BBE4-D8E30A9F7004}"
EndProject
Project("{9A19103F-16F7-4668-BE54-9A1E7A4F7556}") = "BenchmarkExample", "BenchmarkExample\BenchmarkExample.csproj", "{61FB81D9-4DB3-4726-8827-1128C7ABA628}"
EndProject
Project("{FAE04EC0-301F-11D3-BF4B-00C04F79EFBC}") = "WcfAppTest", "WcfAppTest\WcfAppTest.csproj", "{CC7D79AC-927D-4E14-8DFC-38CB65E9DAA5}"
EndProject
Project("{FAE04EC0-301F-11D3-BF4B-00C04F79EFBC}") = "WcfClassTestLibrary", "WcfClassTestLibrary\WcfClassTestLibrary.csproj", "{DFC89BA9-6130-47E3-A28C-18B7DD154A3A}"
EndProject
Project("{FAE04EC0-301F-11D3-BF4B-00C04F79EFBC}") = "CodeDomTest", "CodeDomTest\CodeDomTest.csproj", "{4CDF472F-32E9-4635-98B7-E5168D434556}"
EndProject
Project("{FAE04EC0-301F-11D3-BF4B-00C04F79EFBC}") = "CommonUtil", "CommonUtil\CommonUtil.csproj", "{AE4DAB37-C4BF-40F5-8B3F-29A5087D5F80}"
EndProject
Project("{FAE04EC0-301F-11D3-BF4B-00C04F79EFBC}") = "SocketTester", "SocketTester\SocketTester.csproj", "{78B6E0A0-32D0-4DEF-9D56-AF7202864609}"
EndProject
Project("{FAE04EC0-301F-11D3-BF4B-00C04F79EFBC}") = "ThreadTaskTest", "ThreadTaskTest\ThreadTaskTest.csproj", "{9CFF54B7-B007-495A-AA28-6EAF1EE141C1}"
EndProject
Global
	GlobalSection(SolutionConfigurationPlatforms) = preSolution
		Debug|Any CPU = Debug|Any CPU
		Release|Any CPU = Release|Any CPU
	EndGlobalSection
	GlobalSection(ProjectConfigurationPlatforms) = postSolution
		{2564F7D1-A46E-4357-B1D0-2E3D4E9A32BD}.Debug|Any CPU.ActiveCfg = Debug|Any CPU
		{2564F7D1-A46E-4357-B1D0-2E3D4E9A32BD}.Debug|Any CPU.Build.0 = Debug|Any CPU
		{2564F7D1-A46E-4357-B1D0-2E3D4E9A32BD}.Release|Any CPU.ActiveCfg = Release|Any CPU
		{2564F7D1-A46E-4357-B1D0-2E3D4E9A32BD}.Release|Any CPU.Build.0 = Release|Any CPU
		{7304FF6B-3509-4052-A9CF-4700F711270F}.Debug|Any CPU.ActiveCfg = Debug|Any CPU
		{7304FF6B-3509-4052-A9CF-4700F711270F}.Debug|Any CPU.Build.0 = Debug|Any CPU
		{7304FF6B-3509-4052-A9CF-4700F711270F}.Release|Any CPU.ActiveCfg = Release|Any CPU
		{7304FF6B-3509-4052-A9CF-4700F711270F}.Release|Any CPU.Build.0 = Release|Any CPU
		{1AED7604-8A98-4CBE-8807-DAEECF4EC22F}.Debug|Any CPU.ActiveCfg = Debug|Any CPU
		{1AED7604-8A98-4CBE-8807-DAEECF4EC22F}.Debug|Any CPU.Build.0 = Debug|Any CPU
		{1AED7604-8A98-4CBE-8807-DAEECF4EC22F}.Release|Any CPU.ActiveCfg = Release|Any CPU
		{1AED7604-8A98-4CBE-8807-DAEECF4EC22F}.Release|Any CPU.Build.0 = Release|Any CPU
		{CE1EA000-AF6B-4099-A273-87A7AC1951F1}.Debug|Any CPU.ActiveCfg = Debug|Any CPU
		{CE1EA000-AF6B-4099-A273-87A7AC1951F1}.Debug|Any CPU.Build.0 = Debug|Any CPU
		{CE1EA000-AF6B-4099-A273-87A7AC1951F1}.Release|Any CPU.ActiveCfg = Release|Any CPU
		{CE1EA000-AF6B-4099-A273-87A7AC1951F1}.Release|Any CPU.Build.0 = Release|Any CPU
		{FEB8F25E-38B7-4533-8663-9E51A2F6095C}.Debug|Any CPU.ActiveCfg = Debug|Any CPU
		{FEB8F25E-38B7-4533-8663-9E51A2F6095C}.Debug|Any CPU.Build.0 = Debug|Any CPU
		{FEB8F25E-38B7-4533-8663-9E51A2F6095C}.Release|Any CPU.ActiveCfg = Release|Any CPU
		{FEB8F25E-38B7-4533-8663-9E51A2F6095C}.Release|Any CPU.Build.0 = Release|Any CPU
		{581E6096-8B3A-4CF6-BD56-6B5219E46BBC}.Debug|Any CPU.ActiveCfg = Debug|Any CPU
		{581E6096-8B3A-4CF6-BD56-6B5219E46BBC}.Debug|Any CPU.Build.0 = Debug|Any CPU
		{581E6096-8B3A-4CF6-BD56-6B5219E46BBC}.Release|Any CPU.ActiveCfg = Release|Any CPU
		{581E6096-8B3A-4CF6-BD56-6B5219E46BBC}.Release|Any CPU.Build.0 = Release|Any CPU
		{2A0DDE60-56AC-4A18-BBE4-D8E30A9F7004}.Debug|Any CPU.ActiveCfg = Debug|Any CPU
		{2A0DDE60-56AC-4A18-BBE4-D8E30A9F7004}.Debug|Any CPU.Build.0 = Debug|Any CPU
		{2A0DDE60-56AC-4A18-BBE4-D8E30A9F7004}.Debug|Any CPU.Deploy.0 = Debug|Any CPU
		{2A0DDE60-56AC-4A18-BBE4-D8E30A9F7004}.Release|Any CPU.ActiveCfg = Release|Any CPU
		{2A0DDE60-56AC-4A18-BBE4-D8E30A9F7004}.Release|Any CPU.Build.0 = Release|Any CPU
		{2A0DDE60-56AC-4A18-BBE4-D8E30A9F7004}.Release|Any CPU.Deploy.0 = Release|Any CPU
		{61FB81D9-4DB3-4726-8827-1128C7ABA628}.Debug|Any CPU.ActiveCfg = Debug|Any CPU
		{61FB81D9-4DB3-4726-8827-1128C7ABA628}.Debug|Any CPU.Build.0 = Debug|Any CPU
		{61FB81D9-4DB3-4726-8827-1128C7ABA628}.Release|Any CPU.ActiveCfg = Release|Any CPU
		{61FB81D9-4DB3-4726-8827-1128C7ABA628}.Release|Any CPU.Build.0 = Release|Any CPU
		{CC7D79AC-927D-4E14-8DFC-38CB65E9DAA5}.Debug|Any CPU.ActiveCfg = Debug|Any CPU
		{CC7D79AC-927D-4E14-8DFC-38CB65E9DAA5}.Debug|Any CPU.Build.0 = Debug|Any CPU
		{CC7D79AC-927D-4E14-8DFC-38CB65E9DAA5}.Release|Any CPU.ActiveCfg = Release|Any CPU
		{CC7D79AC-927D-4E14-8DFC-38CB65E9DAA5}.Release|Any CPU.Build.0 = Release|Any CPU
		{DFC89BA9-6130-47E3-A28C-18B7DD154A3A}.Debug|Any CPU.ActiveCfg = Debug|Any CPU
		{DFC89BA9-6130-47E3-A28C-18B7DD154A3A}.Debug|Any CPU.Build.0 = Debug|Any CPU
		{DFC89BA9-6130-47E3-A28C-18B7DD154A3A}.Release|Any CPU.ActiveCfg = Release|Any CPU
		{DFC89BA9-6130-47E3-A28C-18B7DD154A3A}.Release|Any CPU.Build.0 = Release|Any CPU
		{4CDF472F-32E9-4635-98B7-E5168D434556}.Debug|Any CPU.ActiveCfg = Debug|Any CPU
		{4CDF472F-32E9-4635-98B7-E5168D434556}.Debug|Any CPU.Build.0 = Debug|Any CPU
		{4CDF472F-32E9-4635-98B7-E5168D434556}.Release|Any CPU.ActiveCfg = Release|Any CPU
		{4CDF472F-32E9-4635-98B7-E5168D434556}.Release|Any CPU.Build.0 = Release|Any CPU
		{AE4DAB37-C4BF-40F5-8B3F-29A5087D5F80}.Debug|Any CPU.ActiveCfg = Debug|Any CPU
		{AE4DAB37-C4BF-40F5-8B3F-29A5087D5F80}.Debug|Any CPU.Build.0 = Debug|Any CPU
		{AE4DAB37-C4BF-40F5-8B3F-29A5087D5F80}.Release|Any CPU.ActiveCfg = Release|Any CPU
		{AE4DAB37-C4BF-40F5-8B3F-29A5087D5F80}.Release|Any CPU.Build.0 = Release|Any CPU
		{78B6E0A0-32D0-4DEF-9D56-AF7202864609}.Debug|Any CPU.ActiveCfg = Debug|Any CPU
		{78B6E0A0-32D0-4DEF-9D56-AF7202864609}.Debug|Any CPU.Build.0 = Debug|Any CPU
		{78B6E0A0-32D0-4DEF-9D56-AF7202864609}.Release|Any CPU.ActiveCfg = Release|Any CPU
		{78B6E0A0-32D0-4DEF-9D56-AF7202864609}.Release|Any CPU.Build.0 = Release|Any CPU
		{9CFF54B7-B007-495A-AA28-6EAF1EE141C1}.Debug|Any CPU.ActiveCfg = Debug|Any CPU
		{9CFF54B7-B007-495A-AA28-6EAF1EE141C1}.Debug|Any CPU.Build.0 = Debug|Any CPU
		{9CFF54B7-B007-495A-AA28-6EAF1EE141C1}.Release|Any CPU.ActiveCfg = Release|Any CPU
		{9CFF54B7-B007-495A-AA28-6EAF1EE141C1}.Release|Any CPU.Build.0 = Release|Any CPU
	EndGlobalSection
	GlobalSection(SolutionProperties) = preSolution
		HideSolutionNode = FALSE
	EndGlobalSection
	GlobalSection(ExtensibilityGlobals) = postSolution
		SolutionGuid = {84B1BDD5-B775-4A48-992D-A03F56F7E060}
	EndGlobalSection
EndGlobal
